{
  "nodes": {
    "flake-utils": {
      "locked": {
        "lastModified": 1667395993,
        "narHash": "sha256-nuEHfE/LcWyuSWnS8t12N1wc105Qtau+/OdUAjtQ0rA=",
        "owner": "numtide",
        "repo": "flake-utils",
        "rev": "5aed5285a952e0b949eb3ba02c12fa4fcfef535f",
        "type": "github"
      },
      "original": {
        "owner": "numtide",
        "repo": "flake-utils",
        "type": "github"
      }
    },
    "nixpkgs": {
      "locked": {
        "lastModified": 1667916987,
        "narHash": "sha256-tnYTSjBSQvncW1+zLXqlVB0p9gXQXQEJ+EUTbstmUDE=",
        "owner": "NixOS",
        "repo": "nixpkgs",
        "rev": "c3b26b465017afb4efffe01a88db40fe50efac1e",
        "type": "github"
      },
      "original": {
        "owner": "NixOS",
        "repo": "nixpkgs",
        "type": "github"
      }
    },
    "root": {
      "inputs": {
        "flake-utils": "flake-utils",
        "nixpkgs": "nixpkgs",
        "statics": "statics"
      }
    },
    "statics": {
      "locked": {
        "dir": "flakes/statics",
        "lastModified": 1679100742,
        "narHash": "sha256-oCpdFJIZV0Ef+J04MZ2kbs9FqTAwAOGpkj7iwatt0vk=",
        "owner": "louib",
        "repo": "dotfiles",
        "rev": "4baf8677ac64c8f3429e78e82bf380df8747f9d1",
        "type": "github"
      },
      "original": {
        "dir": "flakes/statics",
        "owner": "louib",
        "repo": "dotfiles",
        "type": "github"
      }
    }
  },
  "root": "root",
  "version": 7
}
