{
  "nodes": {
    "flake-utils": {
      "locked": {
        "lastModified": 1659877975,
        "narHash": "sha256-zllb8aq3YO3h8B/U0/J1WBgAL8EX5yWf5pMj3G0NAmc=",
        "owner": "numtide",
        "repo": "flake-utils",
        "rev": "c0e246b9b83f637f4681389ecabcb2681b4f3af0",
        "type": "github"
      },
      "original": {
        "owner": "numtide",
        "repo": "flake-utils",
        "type": "github"
      }
    },
    "nixpkgs": {
      "locked": {
        "lastModified": 1668266813,
        "narHash": "sha256-AgWqxDTlEkdYcuXlVqg8VP0huhwIJ/ZWTAf9l0AOYj0=",
        "owner": "NixOS",
        "repo": "nixpkgs",
        "rev": "7fe75fdd525cb5df25f7a37a34051ec8c9588eb4",
        "type": "github"
      },
      "original": {
        "owner": "NixOS",
        "repo": "nixpkgs",
        "type": "github"
      }
    },
    "root": {
      "inputs": {
        "flake-utils": "flake-utils",
        "nixpkgs": "nixpkgs",
        "statics": "statics"
      }
    },
    "statics": {
      "locked": {
        "dir": "flakes/statics",
        "lastModified": 1679100742,
        "narHash": "sha256-oCpdFJIZV0Ef+J04MZ2kbs9FqTAwAOGpkj7iwatt0vk=",
        "owner": "louib",
        "repo": "dotfiles",
        "rev": "4baf8677ac64c8f3429e78e82bf380df8747f9d1",
        "type": "github"
      },
      "original": {
        "dir": "flakes/statics",
        "owner": "louib",
        "repo": "dotfiles",
        "type": "github"
      }
    }
  },
  "root": "root",
  "version": 7
}
